
Microsoft Visual Studio Solution File, Format Version 12.00
# Visual Studio Version 17
VisualStudioVersion = 17.7.34031.279
MinimumVisualStudioVersion = 10.0.40219.1
Project("{FAE04EC0-301F-11D3-BF4B-00C04F79EFBC}") = "E-commerce", "E-commerce\E-commerce.csproj", "{07C307F3-059A-43D9-80D2-23BEA8090D9E}"
EndProject
Global
	GlobalSection(SolutionConfigurationPlatforms) = preSolution
		Debug|Any CPU = Debug|Any CPU
		Release|Any CPU = Release|Any CPU
	EndGlobalSection
	GlobalSection(ProjectConfigurationPlatforms) = postSolution
		{07C307F3-059A-43D9-80D2-23BEA8090D9E}.Debug|Any CPU.ActiveCfg = Debug|Any CPU
		{07C307F3-059A-43D9-80D2-23BEA8090D9E}.Debug|Any CPU.Build.0 = Debug|Any CPU
		{07C307F3-059A-43D9-80D2-23BEA8090D9E}.Release|Any CPU.ActiveCfg = Release|Any CPU
		{07C307F3-059A-43D9-80D2-23BEA8090D9E}.Release|Any CPU.Build.0 = Release|Any CPU
	EndGlobalSection
	GlobalSection(SolutionProperties) = preSolution
		HideSolutionNode = FALSE
	EndGlobalSection
	GlobalSection(ExtensibilityGlobals) = postSolution
		SolutionGuid = {5DA43EB3-8041-4E25-ACDF-BACD4810ED89}
	EndGlobalSection
EndGlobal
